
Microsoft Visual Studio Solution File, Format Version 12.00
# Visual Studio Version 16
VisualStudioVersion = 16.0.32126.315
MinimumVisualStudioVersion = 10.0.40219.1
Project("{FAE04EC0-301F-11D3-BF4B-00C04F79EFBC}") = "PruebaWebApi", "PruebaWebApi.csproj", "{EEE8B8EB-5334-445D-84BD-DA6F26BD4811}"
EndProject
Project("{FAE04EC0-301F-11D3-BF4B-00C04F79EFBC}") = "logica", "..\logica\logica.csproj", "{32E7867C-B75F-4F1F-B626-5A552AF5677A}"
EndProject
Global
	GlobalSection(SolutionConfigurationPlatforms) = preSolution
		Debug|Any CPU = Debug|Any CPU
		Release|Any CPU = Release|Any CPU
	EndGlobalSection
	GlobalSection(ProjectConfigurationPlatforms) = postSolution
		{EEE8B8EB-5334-445D-84BD-DA6F26BD4811}.Debug|Any CPU.ActiveCfg = Debug|Any CPU
		{EEE8B8EB-5334-445D-84BD-DA6F26BD4811}.Debug|Any CPU.Build.0 = Debug|Any CPU
		{EEE8B8EB-5334-445D-84BD-DA6F26BD4811}.Release|Any CPU.ActiveCfg = Release|Any CPU
		{EEE8B8EB-5334-445D-84BD-DA6F26BD4811}.Release|Any CPU.Build.0 = Release|Any CPU
		{32E7867C-B75F-4F1F-B626-5A552AF5677A}.Debug|Any CPU.ActiveCfg = Debug|Any CPU
		{32E7867C-B75F-4F1F-B626-5A552AF5677A}.Debug|Any CPU.Build.0 = Debug|Any CPU
		{32E7867C-B75F-4F1F-B626-5A552AF5677A}.Release|Any CPU.ActiveCfg = Release|Any CPU
		{32E7867C-B75F-4F1F-B626-5A552AF5677A}.Release|Any CPU.Build.0 = Release|Any CPU
	EndGlobalSection
	GlobalSection(SolutionProperties) = preSolution
		HideSolutionNode = FALSE
	EndGlobalSection
	GlobalSection(ExtensibilityGlobals) = postSolution
		SolutionGuid = {A175B61F-7D27-41F4-8159-56BCE01F8339}
	EndGlobalSection
EndGlobal
